# THIS IS AN AUTOGENERATED FILE. DO NOT EDIT THIS FILE DIRECTLY.
# yarn lockfile v1


three@^0.111.0:
  version "0.111.0"
  resolved "https://registry.yarnpkg.com/three/-/three-0.111.0.tgz#9cedb73e79b7f6bf2440cb67a273f883faa923b6"
  integrity sha512-AcTqyGJ3H75AIusOuADy0LsP958QKQwm/YhABHFMzd6RFXPNVay1rlSbbG6WYv7KM72G2THMMwqbjQd4dVHMkQ==
